
Microsoft Visual Studio Solution File, Format Version 12.00
# Visual Studio Version 16
VisualStudioVersion = 16.0.31729.503
MinimumVisualStudioVersion = 10.0.40219.1
Project("{FAE04EC0-301F-11D3-BF4B-00C04F79EFBC}") = "JokesWebApp", "JokesWebApp.csproj", "{EF63D415-154E-4D45-9AB0-C463341934D4}"
EndProject
Global
	GlobalSection(SolutionConfigurationPlatforms) = preSolution
		Debug|Any CPU = Debug|Any CPU
		Release|Any CPU = Release|Any CPU
	EndGlobalSection
	GlobalSection(ProjectConfigurationPlatforms) = postSolution
		{EF63D415-154E-4D45-9AB0-C463341934D4}.Debug|Any CPU.ActiveCfg = Debug|Any CPU
		{EF63D415-154E-4D45-9AB0-C463341934D4}.Debug|Any CPU.Build.0 = Debug|Any CPU
		{EF63D415-154E-4D45-9AB0-C463341934D4}.Release|Any CPU.ActiveCfg = Release|Any CPU
		{EF63D415-154E-4D45-9AB0-C463341934D4}.Release|Any CPU.Build.0 = Release|Any CPU
	EndGlobalSection
	GlobalSection(SolutionProperties) = preSolution
		HideSolutionNode = FALSE
	EndGlobalSection
	GlobalSection(ExtensibilityGlobals) = postSolution
		SolutionGuid = {0EB4D29A-46B4-4305-966B-ED561B7A50B1}
	EndGlobalSection
EndGlobal
